// !$*UTF8*$!
{
	archiveVersion = 1;
	classes = {
	};
	objectVersion = 50;
	objects = {

/* Begin PBXBuildFile section */
		6A3012C121013DCB00E34D73 /* DetailVCViewController.swift in Sources */ = {isa = PBXBuildFile; fileRef = 6A3012C021013DCB00E34D73 /* DetailVCViewController.swift */; };
		6A3012C32101490400E34D73 /* CollectionCellCollectionViewCell.swift in Sources */ = {isa = PBXBuildFile; fileRef = 6A3012C22101490400E34D73 /* CollectionCellCollectionViewCell.swift */; };
		6A833A1120FC4FEA0077998E /* AppDelegate.swift in Sources */ = {isa = PBXBuildFile; fileRef = 6A833A1020FC4FEA0077998E /* AppDelegate.swift */; };
		6A833A1320FC4FEA0077998E /* ViewController.swift in Sources */ = {isa = PBXBuildFile; fileRef = 6A833A1220FC4FEA0077998E /* ViewController.swift */; };
		6A833A1620FC4FEA0077998E /* Main.storyboard in Resources */ = {isa = PBXBuildFile; fileRef = 6A833A1420FC4FEA0077998E /* Main.storyboard */; };
		6A833A1820FC4FED0077998E /* Assets.xcassets in Resources */ = {isa = PBXBuildFile; fileRef = 6A833A1720FC4FED0077998E /* Assets.xcassets */; };
		6A833A1B20FC4FED0077998E /* LaunchScreen.storyboard in Resources */ = {isa = PBXBuildFile; fileRef = 6A833A1920FC4FED0077998E /* LaunchScreen.storyboard */; };
		6A833A2B20FCE3340077998E /* TableViewCell.swift in Sources */ = {isa = PBXBuildFile; fileRef = 6A833A2920FCE3340077998E /* TableViewCell.swift */; };
		6A833A2C20FCE3340077998E /* TableViewCell.xib in Resources */ = {isa = PBXBuildFile; fileRef = 6A833A2A20FCE3340077998E /* TableViewCell.xib */; };
		6A833A2E20FCE4D20077998E /* File.swift in Sources */ = {isa = PBXBuildFile; fileRef = 6A833A2D20FCE4D20077998E /* File.swift */; };
/* End PBXBuildFile section */

/* Begin PBXFileReference section */
		6A3012C021013DCB00E34D73 /* DetailVCViewController.swift */ = {isa = PBXFileReference; lastKnownFileType = sourcecode.swift; path = DetailVCViewController.swift; sourceTree = "<group>"; };
		6A3012C22101490400E34D73 /* CollectionCellCollectionViewCell.swift */ = {isa = PBXFileReference; lastKnownFileType = sourcecode.swift; path = CollectionCellCollectionViewCell.swift; sourceTree = "<group>"; };
		6A833A0D20FC4FEA0077998E /* hotelesWithIos9.app */ = {isa = PBXFileReference; explicitFileType = wrapper.application; includeInIndex = 0; path = hotelesWithIos9.app; sourceTree = BUILT_PRODUCTS_DIR; };
		6A833A1020FC4FEA0077998E /* AppDelegate.swift */ = {isa = PBXFileReference; lastKnownFileType = sourcecode.swift; path = AppDelegate.swift; sourceTree = "<group>"; };
		6A833A1220FC4FEA0077998E /* ViewController.swift */ = {isa = PBXFileReference; lastKnownFileType = sourcecode.swift; path = ViewController.swift; sourceTree = "<group>"; };
		6A833A1520FC4FEA0077998E /* Base */ = {isa = PBXFileReference; lastKnownFileType = file.storyboard; name = Base; path = Base.lproj/Main.storyboard; sourceTree = "<group>"; };
		6A833A1720FC4FED0077998E /* Assets.xcassets */ = {isa = PBXFileReference; lastKnownFileType = folder.assetcatalog; path = Assets.xcassets; sourceTree = "<group>"; };
		6A833A1A20FC4FED0077998E /* Base */ = {isa = PBXFileReference; lastKnownFileType = file.storyboard; name = Base; path = Base.lproj/LaunchScreen.storyboard; sourceTree = "<group>"; };
		6A833A1C20FC4FED0077998E /* Info.plist */ = {isa = PBXFileReference; lastKnownFileType = text.plist.xml; path = Info.plist; sourceTree = "<group>"; };
		6A833A2920FCE3340077998E /* TableViewCell.swift */ = {isa = PBXFileReference; lastKnownFileType = sourcecode.swift; path = TableViewCell.swift; sourceTree = "<group>"; };
		6A833A2A20FCE3340077998E /* TableViewCell.xib */ = {isa = PBXFileReference; lastKnownFileType = file.xib; path = TableViewCell.xib; sourceTree = "<group>"; };
		6A833A2D20FCE4D20077998E /* File.swift */ = {isa = PBXFileReference; lastKnownFileType = sourcecode.swift; path = File.swift; sourceTree = "<group>"; };
/* End PBXFileReference section */

/* Begin PBXFrameworksBuildPhase section */
		6A833A0A20FC4FEA0077998E /* Frameworks */ = {
			isa = PBXFrameworksBuildPhase;
			buildActionMask = 2147483647;
			files = (
			);
			runOnlyForDeploymentPostprocessing = 0;
		};
/* End PBXFrameworksBuildPhase section */

/* Begin PBXGroup section */
		6A833A0420FC4FEA0077998E = {
			isa = PBXGroup;
			children = (
				6A833A2420FC517F0077998E /* Controller */,
				6A833A2320FC51250077998E /* View */,
				6A833A2220FC51070077998E /* Model */,
				6A833A0F20FC4FEA0077998E /* hotelesWithIos9 */,
				6A833A0E20FC4FEA0077998E /* Products */,
			);
			sourceTree = "<group>";
		};
		6A833A0E20FC4FEA0077998E /* Products */ = {
			isa = PBXGroup;
			children = (
				6A833A0D20FC4FEA0077998E /* hotelesWithIos9.app */,
			);
			name = Products;
			sourceTree = "<group>";
		};
		6A833A0F20FC4FEA0077998E /* hotelesWithIos9 */ = {
			isa = PBXGroup;
			children = (
				6A833A1720FC4FED0077998E /* Assets.xcassets */,
				6A833A1C20FC4FED0077998E /* Info.plist */,
			);
			path = hotelesWithIos9;
			sourceTree = "<group>";
		};
		6A833A2220FC51070077998E /* Model */ = {
			isa = PBXGroup;
			children = (
				6A833A2D20FCE4D20077998E /* File.swift */,
			);
			path = Model;
			sourceTree = "<group>";
		};
		6A833A2320FC51250077998E /* View */ = {
			isa = PBXGroup;
			children = (
				6A833A2A20FCE3340077998E /* TableViewCell.xib */,
				6A833A1420FC4FEA0077998E /* Main.storyboard */,
				6A833A1920FC4FED0077998E /* LaunchScreen.storyboard */,
			);
			path = View;
			sourceTree = "<group>";
		};
		6A833A2420FC517F0077998E /* Controller */ = {
			isa = PBXGroup;
			children = (
				6A833A1020FC4FEA0077998E /* AppDelegate.swift */,
				6A833A1220FC4FEA0077998E /* ViewController.swift */,
				6A833A2920FCE3340077998E /* TableViewCell.swift */,
				6A3012C021013DCB00E34D73 /* DetailVCViewController.swift */,
				6A3012C22101490400E34D73 /* CollectionCellCollectionViewCell.swift */,
			);
			path = Controller;
			sourceTree = "<group>";
		};
/* End PBXGroup section */

/* Begin PBXNativeTarget section */
		6A833A0C20FC4FEA0077998E /* hotelesWithIos9 */ = {
			isa = PBXNativeTarget;
			buildConfigurationList = 6A833A1F20FC4FED0077998E /* Build configuration list for PBXNativeTarget "hotelesWithIos9" */;
			buildPhases = (
				6A833A0920FC4FEA0077998E /* Sources */,
				6A833A0A20FC4FEA0077998E /* Frameworks */,
				6A833A0B20FC4FEA0077998E /* Resources */,
			);
			buildRules = (
			);
			dependencies = (
			);
			name = hotelesWithIos9;
			productName = hotelesWithIos9;
			productReference = 6A833A0D20FC4FEA0077998E /* hotelesWithIos9.app */;
			productType = "com.apple.product-type.application";
		};
/* End PBXNativeTarget section */

/* Begin PBXProject section */
		6A833A0520FC4FEA0077998E /* Project object */ = {
			isa = PBXProject;
			attributes = {
				LastSwiftUpdateCheck = 0930;
				LastUpgradeCheck = 0930;
				ORGANIZATIONNAME = "RICARDO VALDES";
				TargetAttributes = {
					6A833A0C20FC4FEA0077998E = {
						CreatedOnToolsVersion = 9.3;
					};
				};
			};
			buildConfigurationList = 6A833A0820FC4FEA0077998E /* Build configuration list for PBXProject "hotelesWithIos9" */;
			compatibilityVersion = "Xcode 9.3";
			developmentRegion = en;
			hasScannedForEncodings = 0;
			knownRegions = (
				en,
				Base,
			);
			mainGroup = 6A833A0420FC4FEA0077998E;
			productRefGroup = 6A833A0E20FC4FEA0077998E /* Products */;
			projectDirPath = "";
			projectRoot = "";
			targets = (
				6A833A0C20FC4FEA0077998E /* hotelesWithIos9 */,
			);
		};
/* End PBXProject section */

/* Begin PBXResourcesBuildPhase section */
		6A833A0B20FC4FEA0077998E /* Resources */ = {
			isa = PBXResourcesBuildPhase;
			buildActionMask = 2147483647;
			files = (
				6A833A1B20FC4FED0077998E /* LaunchScreen.storyboard in Resources */,
				6A833A2C20FCE3340077998E /* TableViewCell.xib in Resources */,
				6A833A1820FC4FED0077998E /* Assets.xcassets in Resources */,
				6A833A1620FC4FEA0077998E /* Main.storyboard in Resources */,
			);
			runOnlyForDeploymentPostprocessing = 0;
		};
/* End PBXResourcesBuildPhase section */

/* Begin PBXSourcesBuildPhase section */
		6A833A0920FC4FEA0077998E /* Sources */ = {
			isa = PBXSourcesBuildPhase;
			buildActionMask = 2147483647;
			files = (
				6A3012C121013DCB00E34D73 /* DetailVCViewController.swift in Sources */,
				6A833A2B20FCE3340077998E /* TableViewCell.swift in Sources */,
				6A833A2E20FCE4D20077998E /* File.swift in Sources */,
				6A833A1320FC4FEA0077998E /* ViewController.swift in Sources */,
				6A3012C32101490400E34D73 /* CollectionCellCollectionViewCell.swift in Sources */,
				6A833A1120FC4FEA0077998E /* AppDelegate.swift in Sources */,
			);
			runOnlyForDeploymentPostprocessing = 0;
		};
/* End PBXSourcesBuildPhase section */

/* Begin PBXVariantGroup section */
		6A833A1420FC4FEA0077998E /* Main.storyboard */ = {
			isa = PBXVariantGroup;
			children = (
				6A833A1520FC4FEA0077998E /* Base */,
			);
			name = Main.storyboard;
			sourceTree = "<group>";
		};
		6A833A1920FC4FED0077998E /* LaunchScreen.storyboard */ = {
			isa = PBXVariantGroup;
			children = (
				6A833A1A20FC4FED0077998E /* Base */,
			);
			name = LaunchScreen.storyboard;
			sourceTree = "<group>";
		};
/* End PBXVariantGroup section */

/* Begin XCBuildConfiguration section */
		6A833A1D20FC4FED0077998E /* Debug */ = {
			isa = XCBuildConfiguration;
			buildSettings = {
				ALWAYS_SEARCH_USER_PATHS = NO;
				CLANG_ANALYZER_NONNULL = YES;
				CLANG_ANALYZER_NUMBER_OBJECT_CONVERSION = YES_AGGRESSIVE;
				CLANG_CXX_LANGUAGE_STANDARD = "gnu++14";
				CLANG_CXX_LIBRARY = "libc++";
				CLANG_ENABLE_MODULES = YES;
				CLANG_ENABLE_OBJC_ARC = YES;
				CLANG_ENABLE_OBJC_WEAK = YES;
				CLANG_WARN_BLOCK_CAPTURE_AUTORELEASING = YES;
				CLANG_WARN_BOOL_CONVERSION = YES;
				CLANG_WARN_COMMA = YES;
				CLANG_WARN_CONSTANT_CONVERSION = YES;
				CLANG_WARN_DEPRECATED_OBJC_IMPLEMENTATIONS = YES;
				CLANG_WARN_DIRECT_OBJC_ISA_USAGE = YES_ERROR;
				CLANG_WARN_DOCUMENTATION_COMMENTS = YES;
				CLANG_WARN_EMPTY_BODY = YES;
				CLANG_WARN_ENUM_CONVERSION = YES;
				CLANG_WARN_INFINITE_RECURSION = YES;
				CLANG_WARN_INT_CONVERSION = YES;
				CLANG_WARN_NON_LITERAL_NULL_CONVERSION = YES;
				CLANG_WARN_OBJC_IMPLICIT_RETAIN_SELF = YES;
				CLANG_WARN_OBJC_LITERAL_CONVERSION = YES;
				CLANG_WARN_OBJC_ROOT_CLASS = YES_ERROR;
				CLANG_WARN_RANGE_LOOP_ANALYSIS = YES;
				CLANG_WARN_STRICT_PROTOTYPES = YES;
				CLANG_WARN_SUSPICIOUS_MOVE = YES;
				CLANG_WARN_UNGUARDED_AVAILABILITY = YES_AGGRESSIVE;
				CLANG_WARN_UNREACHABLE_CODE = YES;
				CLANG_WARN__DUPLICATE_METHOD_MATCH = YES;
				CODE_SIGN_IDENTITY = "iPhone Developer";
				COPY_PHASE_STRIP = NO;
				DEBUG_INFORMATION_FORMAT = dwarf;
				ENABLE_STRICT_OBJC_MSGSEND = YES;
				ENABLE_TESTABILITY = YES;
				GCC_C_LANGUAGE_STANDARD = gnu11;
				GCC_DYNAMIC_NO_PIC = NO;
				GCC_NO_COMMON_BLOCKS = YES;
				GCC_OPTIMIZATION_LEVEL = 0;
				GCC_PREPROCESSOR_DEFINITIONS = (
					"DEBUG=1",
					"$(inherited)",
				);
				GCC_WARN_64_TO_32_BIT_CONVERSION = YES;
				GCC_WARN_ABOUT_RETURN_TYPE = YES_ERROR;
				GCC_WARN_UNDECLARED_SELECTOR = YES;
				GCC_WARN_UNINITIALIZED_AUTOS = YES_AGGRESSIVE;
				GCC_WARN_UNUSED_FUNCTION = YES;
				GCC_WARN_UNUSED_VARIABLE = YES;
				IPHONEOS_DEPLOYMENT_TARGET = 11.3;
				MTL_ENABLE_DEBUG_INFO = YES;
				ONLY_ACTIVE_ARCH = YES;
				SDKROOT = iphoneos;
				SWIFT_ACTIVE_COMPILATION_CONDITIONS = DEBUG;
				SWIFT_OPTIMIZATION_LEVEL = "-Onone";
			};
			name = Debug;
		};
		6A833A1E20FC4FED0077998E /* Release */ = {
			isa = XCBuildConfiguration;
			buildSettings = {
				ALWAYS_SEARCH_USER_PATHS = NO;
				CLANG_ANALYZER_NONNULL = YES;
				CLANG_ANALYZER_NUMBER_OBJECT_CONVERSION = YES_AGGRESSIVE;
				CLANG_CXX_LANGUAGE_STANDARD = "gnu++14";
				CLANG_CXX_LIBRARY = "libc++";
				CLANG_ENABLE_MODULES = YES;
				CLANG_ENABLE_OBJC_ARC = YES;
				CLANG_ENABLE_OBJC_WEAK = YES;
				CLANG_WARN_BLOCK_CAPTURE_AUTORELEASING = YES;
				CLANG_WARN_BOOL_CONVERSION = YES;
				CLANG_WARN_COMMA = YES;
				CLANG_WARN_CONSTANT_CONVERSION = YES;
				CLANG_WARN_DEPRECATED_OBJC_IMPLEMENTATIONS = YES;
				CLANG_WARN_DIRECT_OBJC_ISA_USAGE = YES_ERROR;
				CLANG_WARN_DOCUMENTATION_COMMENTS = YES;
				CLANG_WARN_EMPTY_BODY = YES;
				CLANG_WARN_ENUM_CONVERSION = YES;
				CLANG_WARN_INFINITE_RECURSION = YES;
				CLANG_WARN_INT_CONVERSION = YES;
				CLANG_WARN_NON_LITERAL_NULL_CONVERSION = YES;
				CLANG_WARN_OBJC_IMPLICIT_RETAIN_SELF = YES;
				CLANG_WARN_OBJC_LITERAL_CONVERSION = YES;
				CLANG_WARN_OBJC_ROOT_CLASS = YES_ERROR;
				CLANG_WARN_RANGE_LOOP_ANALYSIS = YES;
				CLANG_WARN_STRICT_PROTOTYPES = YES;
				CLANG_WARN_SUSPICIOUS_MOVE = YES;
				CLANG_WARN_UNGUARDED_AVAILABILITY = YES_AGGRESSIVE;
				CLANG_WARN_UNREACHABLE_CODE = YES;
				CLANG_WARN__DUPLICATE_METHOD_MATCH = YES;
				CODE_SIGN_IDENTITY = "iPhone Developer";
				COPY_PHASE_STRIP = NO;
				DEBUG_INFORMATION_FORMAT = "dwarf-with-dsym";
				ENABLE_NS_ASSERTIONS = NO;
				ENABLE_STRICT_OBJC_MSGSEND = YES;
				GCC_C_LANGUAGE_STANDARD = gnu11;
				GCC_NO_COMMON_BLOCKS = YES;
				GCC_WARN_64_TO_32_BIT_CONVERSION = YES;
				GCC_WARN_ABOUT_RETURN_TYPE = YES_ERROR;
				GCC_WARN_UNDECLARED_SELECTOR = YES;
				GCC_WARN_UNINITIALIZED_AUTOS = YES_AGGRESSIVE;
				GCC_WARN_UNUSED_FUNCTION = YES;
				GCC_WARN_UNUSED_VARIABLE = YES;
				IPHONEOS_DEPLOYMENT_TARGET = 11.3;
				MTL_ENABLE_DEBUG_INFO = NO;
				SDKROOT = iphoneos;
				SWIFT_COMPILATION_MODE = wholemodule;
				SWIFT_OPTIMIZATION_LEVEL = "-O";
				VALIDATE_PRODUCT = YES;
			};
			name = Release;
		};
		6A833A2020FC4FED0077998E /* Debug */ = {
			isa = XCBuildConfiguration;
			buildSettings = {
				ASSETCATALOG_COMPILER_APPICON_NAME = AppIcon;
				CODE_SIGN_STYLE = Automatic;
				INFOPLIST_FILE = hotelesWithIos9/Info.plist;
				LD_RUNPATH_SEARCH_PATHS = (
					"$(inherited)",
					"@executable_path/Frameworks",
				);
				PRODUCT_BUNDLE_IDENTIFIER = com.retinavaldes10.hotelesWithIos9;
				PRODUCT_NAME = "$(TARGET_NAME)";
				SWIFT_VERSION = 4.0;
				TARGETED_DEVICE_FAMILY = 1;
			};
			name = Debug;
		};
		6A833A2120FC4FED0077998E /* Release */ = {
			isa = XCBuildConfiguration;
			buildSettings = {
				ASSETCATALOG_COMPILER_APPICON_NAME = AppIcon;
				CODE_SIGN_STYLE = Automatic;
				INFOPLIST_FILE = hotelesWithIos9/Info.plist;
				LD_RUNPATH_SEARCH_PATHS = (
					"$(inherited)",
					"@executable_path/Frameworks",
				);
				PRODUCT_BUNDLE_IDENTIFIER = com.retinavaldes10.hotelesWithIos9;
				PRODUCT_NAME = "$(TARGET_NAME)";
				SWIFT_VERSION = 4.0;
				TARGETED_DEVICE_FAMILY = 1;
			};
			name = Release;
		};
/* End XCBuildConfiguration section */

/* Begin XCConfigurationList section */
		6A833A0820FC4FEA0077998E /* Build configuration list for PBXProject "hotelesWithIos9" */ = {
			isa = XCConfigurationList;
			buildConfigurations = (
				6A833A1D20FC4FED0077998E /* Debug */,
				6A833A1E20FC4FED0077998E /* Release */,
			);
			defaultConfigurationIsVisible = 0;
			defaultConfigurationName = Release;
		};
		6A833A1F20FC4FED0077998E /* Build configuration list for PBXNativeTarget "hotelesWithIos9" */ = {
			isa = XCConfigurationList;
			buildConfigurations = (
				6A833A2020FC4FED0077998E /* Debug */,
				6A833A2120FC4FED0077998E /* Release */,
			);
			defaultConfigurationIsVisible = 0;
			defaultConfigurationName = Release;
		};
/* End XCConfigurationList section */
	};
	rootObject = 6A833A0520FC4FEA0077998E /* Project object */;
}
